
Microsoft Visual Studio Solution File, Format Version 11.00
# Visual Studio 2010
Project("{FAE04EC0-301F-11D3-BF4B-00C04F79EFBC}") = "PointBlank.Core", "PointBlank.Core.csproj", "{42D6A192-96A7-4BE3-9A7B-C31E48B2D73D}"
EndProject
Global
	GlobalSection(SolutionConfigurationPlatforms) = preSolution
		Debug|Any CPU = Debug|Any CPU
		Release|Any CPU = Release|Any CPU
	EndGlobalSection
	GlobalSection(ProjectConfigurationPlatforms) = postSolution
		{42D6A192-96A7-4BE3-9A7B-C31E48B2D73D}.Debug|Any CPU.ActiveCfg = Debug|Any CPU
		{42D6A192-96A7-4BE3-9A7B-C31E48B2D73D}.Debug|Any CPU.Build.0 = Debug|Any CPU
		{42D6A192-96A7-4BE3-9A7B-C31E48B2D73D}.Release|Any CPU.ActiveCfg = Release|Any CPU
		{42D6A192-96A7-4BE3-9A7B-C31E48B2D73D}.Release|Any CPU.Build.0 = Release|Any CPU
	EndGlobalSection
	GlobalSection(SolutionProperties) = preSolution
		HideSolutionNode = FALSE
	EndGlobalSection
EndGlobal
